
Microsoft Visual Studio Solution File, Format Version 12.00
# Visual Studio 15
VisualStudioVersion = 15.0.27428.1
MinimumVisualStudioVersion = 10.0.40219.1
Project("{FAE04EC0-301F-11D3-BF4B-00C04F79EFBC}") = "GeometricApp", "GeometricApp\GeometricApp.csproj", "{ECFC9862-CA52-48E3-8F22-C3E8522B69CA}"
EndProject
Project("{FAE04EC0-301F-11D3-BF4B-00C04F79EFBC}") = "GeometricFigureHandler", "GeometricFigureHandler\GeometricFigureHandler.csproj", "{12FB44C4-0F89-4D7F-AB24-1FE180F65F97}"
EndProject
Global
	GlobalSection(SolutionConfigurationPlatforms) = preSolution
		Debug|Any CPU = Debug|Any CPU
		Release|Any CPU = Release|Any CPU
	EndGlobalSection
	GlobalSection(ProjectConfigurationPlatforms) = postSolution
		{ECFC9862-CA52-48E3-8F22-C3E8522B69CA}.Debug|Any CPU.ActiveCfg = Debug|Any CPU
		{ECFC9862-CA52-48E3-8F22-C3E8522B69CA}.Debug|Any CPU.Build.0 = Debug|Any CPU
		{ECFC9862-CA52-48E3-8F22-C3E8522B69CA}.Release|Any CPU.ActiveCfg = Release|Any CPU
		{ECFC9862-CA52-48E3-8F22-C3E8522B69CA}.Release|Any CPU.Build.0 = Release|Any CPU
		{12FB44C4-0F89-4D7F-AB24-1FE180F65F97}.Debug|Any CPU.ActiveCfg = Debug|Any CPU
		{12FB44C4-0F89-4D7F-AB24-1FE180F65F97}.Debug|Any CPU.Build.0 = Debug|Any CPU
		{12FB44C4-0F89-4D7F-AB24-1FE180F65F97}.Release|Any CPU.ActiveCfg = Release|Any CPU
		{12FB44C4-0F89-4D7F-AB24-1FE180F65F97}.Release|Any CPU.Build.0 = Release|Any CPU
	EndGlobalSection
	GlobalSection(SolutionProperties) = preSolution
		HideSolutionNode = FALSE
	EndGlobalSection
	GlobalSection(ExtensibilityGlobals) = postSolution
		SolutionGuid = {FE9BF89A-A2C6-46EF-A5C8-FA9882435117}
	EndGlobalSection
EndGlobal
